// !$*UTF8*$!
{
	archiveVersion = 1;
	classes = {
	};
	objectVersion = 55;
	objects = {

/* Begin PBXFileReference section */
		EA863D4C276F04A500E3B236 /* capacitor.config.json */ = {isa = PBXFileReference; lastKnownFileType = text.json; path = capacitor.config.json; sourceTree = "<group>"; };
		EA863D4D276F04A500E3B236 /* package-lock.json */ = {isa = PBXFileReference; lastKnownFileType = text.json; path = "package-lock.json"; sourceTree = "<group>"; };
		EA863D4E276F04A500E3B236 /* public */ = {isa = PBXFileReference; lastKnownFileType = folder; path = public; sourceTree = "<group>"; };
		EA863D4F276F04A500E3B236 /* src */ = {isa = PBXFileReference; lastKnownFileType = folder; path = src; sourceTree = "<group>"; };
		EA863D50276F04A500E3B236 /* .gitignore */ = {isa = PBXFileReference; lastKnownFileType = text; path = .gitignore; sourceTree = "<group>"; };
		EA863D51276F04A500E3B236 /* package.json */ = {isa = PBXFileReference; lastKnownFileType = text.json; path = package.json; sourceTree = "<group>"; };
		EA863D52276F04A500E3B236 /* ionic.config.json */ = {isa = PBXFileReference; lastKnownFileType = text.json; path = ionic.config.json; sourceTree = "<group>"; };
/* End PBXFileReference section */

/* Begin PBXGroup section */
		EA863D45276F046500E3B236 = {
			isa = PBXGroup;
			children = (
				EA863D50276F04A500E3B236 /* .gitignore */,
				EA863D4C276F04A500E3B236 /* capacitor.config.json */,
				EA863D52276F04A500E3B236 /* ionic.config.json */,
				EA863D4D276F04A500E3B236 /* package-lock.json */,
				EA863D51276F04A500E3B236 /* package.json */,
				EA863D4E276F04A500E3B236 /* public */,
				EA863D4F276F04A500E3B236 /* src */,
			);
			sourceTree = "<group>";
		};
/* End PBXGroup section */

/* Begin PBXProject section */
		EA863D46276F046500E3B236 /* Project object */ = {
			isa = PBXProject;
			attributes = {
				BuildIndependentTargetsInParallel = 1;
				LastUpgradeCheck = 1320;
			};
			buildConfigurationList = EA863D49276F046500E3B236 /* Build configuration list for PBXProject "pokecho" */;
			compatibilityVersion = "Xcode 13.0";
			developmentRegion = en;
			hasScannedForEncodings = 0;
			knownRegions = (
				en,
				Base,
			);
			mainGroup = EA863D45276F046500E3B236;
			projectDirPath = "";
			projectRoot = "";
			targets = (
			);
		};
/* End PBXProject section */

/* Begin XCBuildConfiguration section */
		EA863D4A276F046500E3B236 /* Debug */ = {
			isa = XCBuildConfiguration;
			buildSettings = {
			};
			name = Debug;
		};
		EA863D4B276F046500E3B236 /* Release */ = {
			isa = XCBuildConfiguration;
			buildSettings = {
			};
			name = Release;
		};
/* End XCBuildConfiguration section */

/* Begin XCConfigurationList section */
		EA863D49276F046500E3B236 /* Build configuration list for PBXProject "pokecho" */ = {
			isa = XCConfigurationList;
			buildConfigurations = (
				EA863D4A276F046500E3B236 /* Debug */,
				EA863D4B276F046500E3B236 /* Release */,
			);
			defaultConfigurationIsVisible = 0;
			defaultConfigurationName = Release;
		};
/* End XCConfigurationList section */
	};
	rootObject = EA863D46276F046500E3B236 /* Project object */;
}
